
Microsoft Visual Studio Solution File, Format Version 12.00
# Visual Studio Version 17
VisualStudioVersion = 17.12.35527.113 d17.12
MinimumVisualStudioVersion = 10.0.40219.1
Project("{FAE04EC0-301F-11D3-BF4B-00C04F79EFBC}") = "MenuManager", "MenuManager\MenuManager.csproj", "{C914C97F-5529-4DA5-9EE6-ADA0196A5302}"
EndProject
Project("{FAE04EC0-301F-11D3-BF4B-00C04F79EFBC}") = "MenuManager.Models", "MenuManager.Models\MenuManager.Models.csproj", "{6CF51C3D-25ED-4E87-B991-3C0440C9CF9F}"
EndProject
Global
	GlobalSection(SolutionConfigurationPlatforms) = preSolution
		Debug|Any CPU = Debug|Any CPU
		Release|Any CPU = Release|Any CPU
	EndGlobalSection
	GlobalSection(ProjectConfigurationPlatforms) = postSolution
		{C914C97F-5529-4DA5-9EE6-ADA0196A5302}.Debug|Any CPU.ActiveCfg = Debug|Any CPU
		{C914C97F-5529-4DA5-9EE6-ADA0196A5302}.Debug|Any CPU.Build.0 = Debug|Any CPU
		{C914C97F-5529-4DA5-9EE6-ADA0196A5302}.Release|Any CPU.ActiveCfg = Release|Any CPU
		{C914C97F-5529-4DA5-9EE6-ADA0196A5302}.Release|Any CPU.Build.0 = Release|Any CPU
		{6CF51C3D-25ED-4E87-B991-3C0440C9CF9F}.Debug|Any CPU.ActiveCfg = Debug|Any CPU
		{6CF51C3D-25ED-4E87-B991-3C0440C9CF9F}.Debug|Any CPU.Build.0 = Debug|Any CPU
		{6CF51C3D-25ED-4E87-B991-3C0440C9CF9F}.Release|Any CPU.ActiveCfg = Release|Any CPU
		{6CF51C3D-25ED-4E87-B991-3C0440C9CF9F}.Release|Any CPU.Build.0 = Release|Any CPU
	EndGlobalSection
	GlobalSection(SolutionProperties) = preSolution
		HideSolutionNode = FALSE
	EndGlobalSection
EndGlobal
